
Microsoft Visual Studio Solution File, Format Version 12.00
# Visual Studio 15
VisualStudioVersion = 15.0.26730.16
MinimumVisualStudioVersion = 10.0.40219.1
Project("{8BC9CEB8-8B4A-11D0-8D11-00A0C91BC942}") = "Проект4", "Проект4\Проект4.vcxproj", "{48ECACFE-6235-457C-9D2A-6105A969A700}"
EndProject
Global
	GlobalSection(SolutionConfigurationPlatforms) = preSolution
		Debug|x64 = Debug|x64
		Debug|x86 = Debug|x86
		Release|x64 = Release|x64
		Release|x86 = Release|x86
	EndGlobalSection
	GlobalSection(ProjectConfigurationPlatforms) = postSolution
		{48ECACFE-6235-457C-9D2A-6105A969A700}.Debug|x64.ActiveCfg = Debug|x64
		{48ECACFE-6235-457C-9D2A-6105A969A700}.Debug|x64.Build.0 = Debug|x64
		{48ECACFE-6235-457C-9D2A-6105A969A700}.Debug|x86.ActiveCfg = Debug|Win32
		{48ECACFE-6235-457C-9D2A-6105A969A700}.Debug|x86.Build.0 = Debug|Win32
		{48ECACFE-6235-457C-9D2A-6105A969A700}.Release|x64.ActiveCfg = Release|x64
		{48ECACFE-6235-457C-9D2A-6105A969A700}.Release|x64.Build.0 = Release|x64
		{48ECACFE-6235-457C-9D2A-6105A969A700}.Release|x86.ActiveCfg = Release|Win32
		{48ECACFE-6235-457C-9D2A-6105A969A700}.Release|x86.Build.0 = Release|Win32
	EndGlobalSection
	GlobalSection(SolutionProperties) = preSolution
		HideSolutionNode = FALSE
	EndGlobalSection
	GlobalSection(ExtensibilityGlobals) = postSolution
		SolutionGuid = {00AFC448-1D13-4205-8145-2E9E0D478275}
	EndGlobalSection
EndGlobal
