
Microsoft Visual Studio Solution File, Format Version 12.00
# Visual Studio 15
VisualStudioVersion = 15.0.28307.489
MinimumVisualStudioVersion = 10.0.40219.1
Project("{8BC9CEB8-8B4A-11D0-8D11-00A0C91BC942}") = "ТеорияАлгоритмовЛаб-1", "LabAlgs01.2.0\LabAlgs01.2.0.vcxproj", "{F3849094-5342-4FD5-8BC8-DFEE6D18BC52}"
EndProject
Project("{8BC9CEB8-8B4A-11D0-8D11-00A0C91BC942}") = "Информатика.ЛР-8", "Информатика.ЛР-8\Проект12.vcxproj", "{EE654506-99CF-4B76-A89C-EE5F18ED9B6A}"
EndProject
Project("{8BC9CEB8-8B4A-11D0-8D11-00A0C91BC942}") = "ТеорияАлгоритмовЛаб-2", "ТеорияАлгоритмовЛаб-2\ТеорияАлгоритмовЛаб-2.vcxproj", "{2CA7DA4F-AA80-4586-AA57-948C334358B2}"
EndProject
Project("{8BC9CEB8-8B4A-11D0-8D11-00A0C91BC942}") = "INFLAB9", "INFLAB9\INFLAB9.vcxproj", "{4957B2A9-7E9E-4DF5-BF6F-D2C6E4C3F5E1}"
EndProject
Project("{8BC9CEB8-8B4A-11D0-8D11-00A0C91BC942}") = "INFALAB10", "INFALAB10\INFALAB10.vcxproj", "{4EE75910-AA1B-4CFA-936F-6140A0E746EC}"
EndProject
Project("{8BC9CEB8-8B4A-11D0-8D11-00A0C91BC942}") = "INFALAB11", "INFALAB11\INFALAB11.vcxproj", "{30365228-876B-4CA9-926C-46590F335071}"
EndProject
Project("{8BC9CEB8-8B4A-11D0-8D11-00A0C91BC942}") = "ТеорияАлгоритмовЛаб-3", "ТеорияАлгоритмовЛаб-3\ТеорияАлгоритмовЛаб-3.vcxproj", "{16FFE4EC-653D-4637-94C5-D2203513B7F3}"
EndProject
Project("{8BC9CEB8-8B4A-11D0-8D11-00A0C91BC942}") = "INFALAB13", "INFALAB12\INFALAB12.vcxproj", "{F9A0FBC0-FE9A-4BB8-B98B-EBC0E34FD3BE}"
EndProject
Project("{8BC9CEB8-8B4A-11D0-8D11-00A0C91BC942}") = "Курсовая.3Семестр", "Курсовая.3Семестр\Курсовая.3Семестр.vcxproj", "{7619F8FC-6D73-483C-94B3-956E4CCFED76}"
EndProject
Project("{8BC9CEB8-8B4A-11D0-8D11-00A0C91BC942}") = "InFALAB12.0", "InFALAB12.0\InFALAB12.0.vcxproj", "{341C3673-C266-4B3D-9813-1AF41C4DED02}"
EndProject
Project("{8BC9CEB8-8B4A-11D0-8D11-00A0C91BC942}") = "СиАОД.Лаба4", "СиАОД.Лаба4\СиАОД.Лаба4.vcxproj", "{20DCCC06-8C43-408E-AA87-A6A9BF0DB446}"
EndProject
Project("{8BC9CEB8-8B4A-11D0-8D11-00A0C91BC942}") = "Lab1OOP4Sem", "Lab1OOP4Sem\Lab1OOP4Sem.vcxproj", "{ACA4B100-E575-4F79-981F-C55507A30C5B}"
EndProject
Project("{FAE04EC0-301F-11D3-BF4B-00C04F79EFBC}") = "СИАОДЛаба5", "СИАОДЛаба5\СИАОДЛаба5.csproj", "{D25D70C4-7CC3-453F-86FC-F5E0481B0056}"
EndProject
Project("{FAE04EC0-301F-11D3-BF4B-00C04F79EFBC}") = "СиАОДЛаба6", "СиАОДЛаба6\СиАОДЛаба6.csproj", "{210A57F6-91F1-46C9-8D8D-284A4E7B6CE6}"
EndProject
Project("{FAE04EC0-301F-11D3-BF4B-00C04F79EFBC}") = "ConsoleApp1", "ConsoleApp1\ConsoleApp1.csproj", "{7A2B9178-B76F-4C15-9993-1B42357DE05F}"
EndProject
Project("{FAE04EC0-301F-11D3-BF4B-00C04F79EFBC}") = "Lab1realisation", "Lab1realisation\Lab1realisation.csproj", "{6D5D9490-83E4-470A-8A08-1DAB25F2B658}"
EndProject
Project("{FAE04EC0-301F-11D3-BF4B-00C04F79EFBC}") = "Lab_3_OOP", "Lab_2_OOP\Lab_3_OOP.csproj", "{B47C4B9F-307D-4D45-8F81-6606AF0A2927}"
EndProject
Project("{FAE04EC0-301F-11D3-BF4B-00C04F79EFBC}") = "Lab_OOP4", "Lab_OOP4\Lab_OOP4.csproj", "{57085959-DDAA-41E2-96B4-F98AE8D2FAFC}"
EndProject
Project("{FAE04EC0-301F-11D3-BF4B-00C04F79EFBC}") = "Lab_OOP5", "Lab_OOP5\Lab_OOP5.csproj", "{3706F6DD-DB19-4E59-889A-8CC829EC886B}"
EndProject
Project("{FAE04EC0-301F-11D3-BF4B-00C04F79EFBC}") = "Practice4Semm", "Practice4Semm\Practice4Semm.csproj", "{C0BB36DA-6C5A-41CE-AA65-E66B79B444F2}"
EndProject
Project("{FAE04EC0-301F-11D3-BF4B-00C04F79EFBC}") = "PacMan", "PacMan\PacMan.csproj", "{BE69735C-8EAD-42BC-82C9-053474ED3D68}"
EndProject
Project("{8BC9CEB8-8B4A-11D0-8D11-00A0C91BC942}") = "Practice4SC++", "Practice4SC++\Practice4SC++.vcxproj", "{0AC010D8-4731-4619-B0EB-7E067C52EF1F}"
EndProject
Global
	GlobalSection(SolutionConfigurationPlatforms) = preSolution
		Debug|Any CPU = Debug|Any CPU
		Debug|x64 = Debug|x64
		Debug|x86 = Debug|x86
		Release|Any CPU = Release|Any CPU
		Release|x64 = Release|x64
		Release|x86 = Release|x86
	EndGlobalSection
	GlobalSection(ProjectConfigurationPlatforms) = postSolution
		{F3849094-5342-4FD5-8BC8-DFEE6D18BC52}.Debug|Any CPU.ActiveCfg = Debug|Win32
		{F3849094-5342-4FD5-8BC8-DFEE6D18BC52}.Debug|x64.ActiveCfg = Debug|x64
		{F3849094-5342-4FD5-8BC8-DFEE6D18BC52}.Debug|x64.Build.0 = Debug|x64
		{F3849094-5342-4FD5-8BC8-DFEE6D18BC52}.Debug|x86.ActiveCfg = Debug|Win32
		{F3849094-5342-4FD5-8BC8-DFEE6D18BC52}.Debug|x86.Build.0 = Debug|Win32
		{F3849094-5342-4FD5-8BC8-DFEE6D18BC52}.Release|Any CPU.ActiveCfg = Release|Win32
		{F3849094-5342-4FD5-8BC8-DFEE6D18BC52}.Release|x64.ActiveCfg = Release|x64
		{F3849094-5342-4FD5-8BC8-DFEE6D18BC52}.Release|x64.Build.0 = Release|x64
		{F3849094-5342-4FD5-8BC8-DFEE6D18BC52}.Release|x86.ActiveCfg = Release|Win32
		{F3849094-5342-4FD5-8BC8-DFEE6D18BC52}.Release|x86.Build.0 = Release|Win32
		{EE654506-99CF-4B76-A89C-EE5F18ED9B6A}.Debug|Any CPU.ActiveCfg = Debug|Win32
		{EE654506-99CF-4B76-A89C-EE5F18ED9B6A}.Debug|x64.ActiveCfg = Debug|x64
		{EE654506-99CF-4B76-A89C-EE5F18ED9B6A}.Debug|x64.Build.0 = Debug|x64
		{EE654506-99CF-4B76-A89C-EE5F18ED9B6A}.Debug|x86.ActiveCfg = Debug|Win32
		{EE654506-99CF-4B76-A89C-EE5F18ED9B6A}.Debug|x86.Build.0 = Debug|Win32
		{EE654506-99CF-4B76-A89C-EE5F18ED9B6A}.Release|Any CPU.ActiveCfg = Release|Win32
		{EE654506-99CF-4B76-A89C-EE5F18ED9B6A}.Release|x64.ActiveCfg = Release|x64
		{EE654506-99CF-4B76-A89C-EE5F18ED9B6A}.Release|x64.Build.0 = Release|x64
		{EE654506-99CF-4B76-A89C-EE5F18ED9B6A}.Release|x86.ActiveCfg = Release|Win32
		{EE654506-99CF-4B76-A89C-EE5F18ED9B6A}.Release|x86.Build.0 = Release|Win32
		{2CA7DA4F-AA80-4586-AA57-948C334358B2}.Debug|Any CPU.ActiveCfg = Debug|Win32
		{2CA7DA4F-AA80-4586-AA57-948C334358B2}.Debug|x64.ActiveCfg = Debug|x64
		{2CA7DA4F-AA80-4586-AA57-948C334358B2}.Debug|x64.Build.0 = Debug|x64
		{2CA7DA4F-AA80-4586-AA57-948C334358B2}.Debug|x86.ActiveCfg = Debug|Win32
		{2CA7DA4F-AA80-4586-AA57-948C334358B2}.Debug|x86.Build.0 = Debug|Win32
		{2CA7DA4F-AA80-4586-AA57-948C334358B2}.Release|Any CPU.ActiveCfg = Release|Win32
		{2CA7DA4F-AA80-4586-AA57-948C334358B2}.Release|x64.ActiveCfg = Release|x64
		{2CA7DA4F-AA80-4586-AA57-948C334358B2}.Release|x64.Build.0 = Release|x64
		{2CA7DA4F-AA80-4586-AA57-948C334358B2}.Release|x86.ActiveCfg = Release|Win32
		{2CA7DA4F-AA80-4586-AA57-948C334358B2}.Release|x86.Build.0 = Release|Win32
		{4957B2A9-7E9E-4DF5-BF6F-D2C6E4C3F5E1}.Debug|Any CPU.ActiveCfg = Debug|Win32
		{4957B2A9-7E9E-4DF5-BF6F-D2C6E4C3F5E1}.Debug|x64.ActiveCfg = Debug|x64
		{4957B2A9-7E9E-4DF5-BF6F-D2C6E4C3F5E1}.Debug|x64.Build.0 = Debug|x64
		{4957B2A9-7E9E-4DF5-BF6F-D2C6E4C3F5E1}.Debug|x86.ActiveCfg = Debug|Win32
		{4957B2A9-7E9E-4DF5-BF6F-D2C6E4C3F5E1}.Debug|x86.Build.0 = Debug|Win32
		{4957B2A9-7E9E-4DF5-BF6F-D2C6E4C3F5E1}.Release|Any CPU.ActiveCfg = Release|Win32
		{4957B2A9-7E9E-4DF5-BF6F-D2C6E4C3F5E1}.Release|x64.ActiveCfg = Release|x64
		{4957B2A9-7E9E-4DF5-BF6F-D2C6E4C3F5E1}.Release|x64.Build.0 = Release|x64
		{4957B2A9-7E9E-4DF5-BF6F-D2C6E4C3F5E1}.Release|x86.ActiveCfg = Release|Win32
		{4957B2A9-7E9E-4DF5-BF6F-D2C6E4C3F5E1}.Release|x86.Build.0 = Release|Win32
		{4EE75910-AA1B-4CFA-936F-6140A0E746EC}.Debug|Any CPU.ActiveCfg = Debug|Win32
		{4EE75910-AA1B-4CFA-936F-6140A0E746EC}.Debug|x64.ActiveCfg = Debug|x64
		{4EE75910-AA1B-4CFA-936F-6140A0E746EC}.Debug|x64.Build.0 = Debug|x64
		{4EE75910-AA1B-4CFA-936F-6140A0E746EC}.Debug|x86.ActiveCfg = Debug|Win32
		{4EE75910-AA1B-4CFA-936F-6140A0E746EC}.Debug|x86.Build.0 = Debug|Win32
		{4EE75910-AA1B-4CFA-936F-6140A0E746EC}.Release|Any CPU.ActiveCfg = Release|Win32
		{4EE75910-AA1B-4CFA-936F-6140A0E746EC}.Release|x64.ActiveCfg = Release|x64
		{4EE75910-AA1B-4CFA-936F-6140A0E746EC}.Release|x64.Build.0 = Release|x64
		{4EE75910-AA1B-4CFA-936F-6140A0E746EC}.Release|x86.ActiveCfg = Release|Win32
		{4EE75910-AA1B-4CFA-936F-6140A0E746EC}.Release|x86.Build.0 = Release|Win32
		{30365228-876B-4CA9-926C-46590F335071}.Debug|Any CPU.ActiveCfg = Debug|Win32
		{30365228-876B-4CA9-926C-46590F335071}.Debug|x64.ActiveCfg = Debug|x64
		{30365228-876B-4CA9-926C-46590F335071}.Debug|x64.Build.0 = Debug|x64
		{30365228-876B-4CA9-926C-46590F335071}.Debug|x86.ActiveCfg = Debug|Win32
		{30365228-876B-4CA9-926C-46590F335071}.Debug|x86.Build.0 = Debug|Win32
		{30365228-876B-4CA9-926C-46590F335071}.Release|Any CPU.ActiveCfg = Release|Win32
		{30365228-876B-4CA9-926C-46590F335071}.Release|x64.ActiveCfg = Release|x64
		{30365228-876B-4CA9-926C-46590F335071}.Release|x64.Build.0 = Release|x64
		{30365228-876B-4CA9-926C-46590F335071}.Release|x86.ActiveCfg = Release|Win32
		{30365228-876B-4CA9-926C-46590F335071}.Release|x86.Build.0 = Release|Win32
		{16FFE4EC-653D-4637-94C5-D2203513B7F3}.Debug|Any CPU.ActiveCfg = Debug|Win32
		{16FFE4EC-653D-4637-94C5-D2203513B7F3}.Debug|x64.ActiveCfg = Debug|x64
		{16FFE4EC-653D-4637-94C5-D2203513B7F3}.Debug|x64.Build.0 = Debug|x64
		{16FFE4EC-653D-4637-94C5-D2203513B7F3}.Debug|x86.ActiveCfg = Debug|Win32
		{16FFE4EC-653D-4637-94C5-D2203513B7F3}.Debug|x86.Build.0 = Debug|Win32
		{16FFE4EC-653D-4637-94C5-D2203513B7F3}.Release|Any CPU.ActiveCfg = Release|Win32
		{16FFE4EC-653D-4637-94C5-D2203513B7F3}.Release|x64.ActiveCfg = Release|x64
		{16FFE4EC-653D-4637-94C5-D2203513B7F3}.Release|x64.Build.0 = Release|x64
		{16FFE4EC-653D-4637-94C5-D2203513B7F3}.Release|x86.ActiveCfg = Release|Win32
		{16FFE4EC-653D-4637-94C5-D2203513B7F3}.Release|x86.Build.0 = Release|Win32
		{F9A0FBC0-FE9A-4BB8-B98B-EBC0E34FD3BE}.Debug|Any CPU.ActiveCfg = Debug|Win32
		{F9A0FBC0-FE9A-4BB8-B98B-EBC0E34FD3BE}.Debug|x64.ActiveCfg = Debug|x64
		{F9A0FBC0-FE9A-4BB8-B98B-EBC0E34FD3BE}.Debug|x64.Build.0 = Debug|x64
		{F9A0FBC0-FE9A-4BB8-B98B-EBC0E34FD3BE}.Debug|x86.ActiveCfg = Debug|Win32
		{F9A0FBC0-FE9A-4BB8-B98B-EBC0E34FD3BE}.Debug|x86.Build.0 = Debug|Win32
		{F9A0FBC0-FE9A-4BB8-B98B-EBC0E34FD3BE}.Release|Any CPU.ActiveCfg = Release|Win32
		{F9A0FBC0-FE9A-4BB8-B98B-EBC0E34FD3BE}.Release|x64.ActiveCfg = Release|x64
		{F9A0FBC0-FE9A-4BB8-B98B-EBC0E34FD3BE}.Release|x64.Build.0 = Release|x64
		{F9A0FBC0-FE9A-4BB8-B98B-EBC0E34FD3BE}.Release|x86.ActiveCfg = Release|Win32
		{F9A0FBC0-FE9A-4BB8-B98B-EBC0E34FD3BE}.Release|x86.Build.0 = Release|Win32
		{7619F8FC-6D73-483C-94B3-956E4CCFED76}.Debug|Any CPU.ActiveCfg = Debug|Win32
		{7619F8FC-6D73-483C-94B3-956E4CCFED76}.Debug|x64.ActiveCfg = Debug|x64
		{7619F8FC-6D73-483C-94B3-956E4CCFED76}.Debug|x64.Build.0 = Debug|x64
		{7619F8FC-6D73-483C-94B3-956E4CCFED76}.Debug|x86.ActiveCfg = Debug|Win32
		{7619F8FC-6D73-483C-94B3-956E4CCFED76}.Debug|x86.Build.0 = Debug|Win32
		{7619F8FC-6D73-483C-94B3-956E4CCFED76}.Release|Any CPU.ActiveCfg = Release|Win32
		{7619F8FC-6D73-483C-94B3-956E4CCFED76}.Release|x64.ActiveCfg = Release|x64
		{7619F8FC-6D73-483C-94B3-956E4CCFED76}.Release|x64.Build.0 = Release|x64
		{7619F8FC-6D73-483C-94B3-956E4CCFED76}.Release|x86.ActiveCfg = Release|Win32
		{7619F8FC-6D73-483C-94B3-956E4CCFED76}.Release|x86.Build.0 = Release|Win32
		{341C3673-C266-4B3D-9813-1AF41C4DED02}.Debug|Any CPU.ActiveCfg = Debug|Win32
		{341C3673-C266-4B3D-9813-1AF41C4DED02}.Debug|x64.ActiveCfg = Debug|x64
		{341C3673-C266-4B3D-9813-1AF41C4DED02}.Debug|x64.Build.0 = Debug|x64
		{341C3673-C266-4B3D-9813-1AF41C4DED02}.Debug|x86.ActiveCfg = Debug|Win32
		{341C3673-C266-4B3D-9813-1AF41C4DED02}.Debug|x86.Build.0 = Debug|Win32
		{341C3673-C266-4B3D-9813-1AF41C4DED02}.Release|Any CPU.ActiveCfg = Release|Win32
		{341C3673-C266-4B3D-9813-1AF41C4DED02}.Release|x64.ActiveCfg = Release|x64
		{341C3673-C266-4B3D-9813-1AF41C4DED02}.Release|x64.Build.0 = Release|x64
		{341C3673-C266-4B3D-9813-1AF41C4DED02}.Release|x86.ActiveCfg = Release|Win32
		{341C3673-C266-4B3D-9813-1AF41C4DED02}.Release|x86.Build.0 = Release|Win32
		{20DCCC06-8C43-408E-AA87-A6A9BF0DB446}.Debug|Any CPU.ActiveCfg = Debug|Win32
		{20DCCC06-8C43-408E-AA87-A6A9BF0DB446}.Debug|x64.ActiveCfg = Debug|x64
		{20DCCC06-8C43-408E-AA87-A6A9BF0DB446}.Debug|x64.Build.0 = Debug|x64
		{20DCCC06-8C43-408E-AA87-A6A9BF0DB446}.Debug|x86.ActiveCfg = Debug|Win32
		{20DCCC06-8C43-408E-AA87-A6A9BF0DB446}.Debug|x86.Build.0 = Debug|Win32
		{20DCCC06-8C43-408E-AA87-A6A9BF0DB446}.Release|Any CPU.ActiveCfg = Release|Win32
		{20DCCC06-8C43-408E-AA87-A6A9BF0DB446}.Release|x64.ActiveCfg = Release|x64
		{20DCCC06-8C43-408E-AA87-A6A9BF0DB446}.Release|x64.Build.0 = Release|x64
		{20DCCC06-8C43-408E-AA87-A6A9BF0DB446}.Release|x86.ActiveCfg = Release|Win32
		{20DCCC06-8C43-408E-AA87-A6A9BF0DB446}.Release|x86.Build.0 = Release|Win32
		{ACA4B100-E575-4F79-981F-C55507A30C5B}.Debug|Any CPU.ActiveCfg = Debug|Win32
		{ACA4B100-E575-4F79-981F-C55507A30C5B}.Debug|x64.ActiveCfg = Debug|x64
		{ACA4B100-E575-4F79-981F-C55507A30C5B}.Debug|x64.Build.0 = Debug|x64
		{ACA4B100-E575-4F79-981F-C55507A30C5B}.Debug|x86.ActiveCfg = Debug|Win32
		{ACA4B100-E575-4F79-981F-C55507A30C5B}.Debug|x86.Build.0 = Debug|Win32
		{ACA4B100-E575-4F79-981F-C55507A30C5B}.Release|Any CPU.ActiveCfg = Release|Win32
		{ACA4B100-E575-4F79-981F-C55507A30C5B}.Release|x64.ActiveCfg = Release|x64
		{ACA4B100-E575-4F79-981F-C55507A30C5B}.Release|x64.Build.0 = Release|x64
		{ACA4B100-E575-4F79-981F-C55507A30C5B}.Release|x86.ActiveCfg = Release|Win32
		{ACA4B100-E575-4F79-981F-C55507A30C5B}.Release|x86.Build.0 = Release|Win32
		{D25D70C4-7CC3-453F-86FC-F5E0481B0056}.Debug|Any CPU.ActiveCfg = Debug|Any CPU
		{D25D70C4-7CC3-453F-86FC-F5E0481B0056}.Debug|Any CPU.Build.0 = Debug|Any CPU
		{D25D70C4-7CC3-453F-86FC-F5E0481B0056}.Debug|x64.ActiveCfg = Debug|Any CPU
		{D25D70C4-7CC3-453F-86FC-F5E0481B0056}.Debug|x64.Build.0 = Debug|Any CPU
		{D25D70C4-7CC3-453F-86FC-F5E0481B0056}.Debug|x86.ActiveCfg = Debug|Any CPU
		{D25D70C4-7CC3-453F-86FC-F5E0481B0056}.Debug|x86.Build.0 = Debug|Any CPU
		{D25D70C4-7CC3-453F-86FC-F5E0481B0056}.Release|Any CPU.ActiveCfg = Release|Any CPU
		{D25D70C4-7CC3-453F-86FC-F5E0481B0056}.Release|Any CPU.Build.0 = Release|Any CPU
		{D25D70C4-7CC3-453F-86FC-F5E0481B0056}.Release|x64.ActiveCfg = Release|Any CPU
		{D25D70C4-7CC3-453F-86FC-F5E0481B0056}.Release|x64.Build.0 = Release|Any CPU
		{D25D70C4-7CC3-453F-86FC-F5E0481B0056}.Release|x86.ActiveCfg = Release|Any CPU
		{D25D70C4-7CC3-453F-86FC-F5E0481B0056}.Release|x86.Build.0 = Release|Any CPU
		{210A57F6-91F1-46C9-8D8D-284A4E7B6CE6}.Debug|Any CPU.ActiveCfg = Debug|Any CPU
		{210A57F6-91F1-46C9-8D8D-284A4E7B6CE6}.Debug|Any CPU.Build.0 = Debug|Any CPU
		{210A57F6-91F1-46C9-8D8D-284A4E7B6CE6}.Debug|x64.ActiveCfg = Debug|Any CPU
		{210A57F6-91F1-46C9-8D8D-284A4E7B6CE6}.Debug|x64.Build.0 = Debug|Any CPU
		{210A57F6-91F1-46C9-8D8D-284A4E7B6CE6}.Debug|x86.ActiveCfg = Debug|Any CPU
		{210A57F6-91F1-46C9-8D8D-284A4E7B6CE6}.Debug|x86.Build.0 = Debug|Any CPU
		{210A57F6-91F1-46C9-8D8D-284A4E7B6CE6}.Release|Any CPU.ActiveCfg = Release|Any CPU
		{210A57F6-91F1-46C9-8D8D-284A4E7B6CE6}.Release|Any CPU.Build.0 = Release|Any CPU
		{210A57F6-91F1-46C9-8D8D-284A4E7B6CE6}.Release|x64.ActiveCfg = Release|Any CPU
		{210A57F6-91F1-46C9-8D8D-284A4E7B6CE6}.Release|x64.Build.0 = Release|Any CPU
		{210A57F6-91F1-46C9-8D8D-284A4E7B6CE6}.Release|x86.ActiveCfg = Release|Any CPU
		{210A57F6-91F1-46C9-8D8D-284A4E7B6CE6}.Release|x86.Build.0 = Release|Any CPU
		{7A2B9178-B76F-4C15-9993-1B42357DE05F}.Debug|Any CPU.ActiveCfg = Debug|Any CPU
		{7A2B9178-B76F-4C15-9993-1B42357DE05F}.Debug|Any CPU.Build.0 = Debug|Any CPU
		{7A2B9178-B76F-4C15-9993-1B42357DE05F}.Debug|x64.ActiveCfg = Debug|Any CPU
		{7A2B9178-B76F-4C15-9993-1B42357DE05F}.Debug|x64.Build.0 = Debug|Any CPU
		{7A2B9178-B76F-4C15-9993-1B42357DE05F}.Debug|x86.ActiveCfg = Debug|Any CPU
		{7A2B9178-B76F-4C15-9993-1B42357DE05F}.Debug|x86.Build.0 = Debug|Any CPU
		{7A2B9178-B76F-4C15-9993-1B42357DE05F}.Release|Any CPU.ActiveCfg = Release|Any CPU
		{7A2B9178-B76F-4C15-9993-1B42357DE05F}.Release|Any CPU.Build.0 = Release|Any CPU
		{7A2B9178-B76F-4C15-9993-1B42357DE05F}.Release|x64.ActiveCfg = Release|Any CPU
		{7A2B9178-B76F-4C15-9993-1B42357DE05F}.Release|x64.Build.0 = Release|Any CPU
		{7A2B9178-B76F-4C15-9993-1B42357DE05F}.Release|x86.ActiveCfg = Release|Any CPU
		{7A2B9178-B76F-4C15-9993-1B42357DE05F}.Release|x86.Build.0 = Release|Any CPU
		{6D5D9490-83E4-470A-8A08-1DAB25F2B658}.Debug|Any CPU.ActiveCfg = Debug|Any CPU
		{6D5D9490-83E4-470A-8A08-1DAB25F2B658}.Debug|Any CPU.Build.0 = Debug|Any CPU
		{6D5D9490-83E4-470A-8A08-1DAB25F2B658}.Debug|x64.ActiveCfg = Debug|Any CPU
		{6D5D9490-83E4-470A-8A08-1DAB25F2B658}.Debug|x64.Build.0 = Debug|Any CPU
		{6D5D9490-83E4-470A-8A08-1DAB25F2B658}.Debug|x86.ActiveCfg = Debug|Any CPU
		{6D5D9490-83E4-470A-8A08-1DAB25F2B658}.Debug|x86.Build.0 = Debug|Any CPU
		{6D5D9490-83E4-470A-8A08-1DAB25F2B658}.Release|Any CPU.ActiveCfg = Release|Any CPU
		{6D5D9490-83E4-470A-8A08-1DAB25F2B658}.Release|Any CPU.Build.0 = Release|Any CPU
		{6D5D9490-83E4-470A-8A08-1DAB25F2B658}.Release|x64.ActiveCfg = Release|Any CPU
		{6D5D9490-83E4-470A-8A08-1DAB25F2B658}.Release|x64.Build.0 = Release|Any CPU
		{6D5D9490-83E4-470A-8A08-1DAB25F2B658}.Release|x86.ActiveCfg = Release|Any CPU
		{6D5D9490-83E4-470A-8A08-1DAB25F2B658}.Release|x86.Build.0 = Release|Any CPU
		{B47C4B9F-307D-4D45-8F81-6606AF0A2927}.Debug|Any CPU.ActiveCfg = Debug|Any CPU
		{B47C4B9F-307D-4D45-8F81-6606AF0A2927}.Debug|Any CPU.Build.0 = Debug|Any CPU
		{B47C4B9F-307D-4D45-8F81-6606AF0A2927}.Debug|x64.ActiveCfg = Debug|Any CPU
		{B47C4B9F-307D-4D45-8F81-6606AF0A2927}.Debug|x64.Build.0 = Debug|Any CPU
		{B47C4B9F-307D-4D45-8F81-6606AF0A2927}.Debug|x86.ActiveCfg = Debug|Any CPU
		{B47C4B9F-307D-4D45-8F81-6606AF0A2927}.Debug|x86.Build.0 = Debug|Any CPU
		{B47C4B9F-307D-4D45-8F81-6606AF0A2927}.Release|Any CPU.ActiveCfg = Release|Any CPU
		{B47C4B9F-307D-4D45-8F81-6606AF0A2927}.Release|Any CPU.Build.0 = Release|Any CPU
		{B47C4B9F-307D-4D45-8F81-6606AF0A2927}.Release|x64.ActiveCfg = Release|Any CPU
		{B47C4B9F-307D-4D45-8F81-6606AF0A2927}.Release|x64.Build.0 = Release|Any CPU
		{B47C4B9F-307D-4D45-8F81-6606AF0A2927}.Release|x86.ActiveCfg = Release|Any CPU
		{B47C4B9F-307D-4D45-8F81-6606AF0A2927}.Release|x86.Build.0 = Release|Any CPU
		{57085959-DDAA-41E2-96B4-F98AE8D2FAFC}.Debug|Any CPU.ActiveCfg = Debug|Any CPU
		{57085959-DDAA-41E2-96B4-F98AE8D2FAFC}.Debug|Any CPU.Build.0 = Debug|Any CPU
		{57085959-DDAA-41E2-96B4-F98AE8D2FAFC}.Debug|x64.ActiveCfg = Debug|Any CPU
		{57085959-DDAA-41E2-96B4-F98AE8D2FAFC}.Debug|x64.Build.0 = Debug|Any CPU
		{57085959-DDAA-41E2-96B4-F98AE8D2FAFC}.Debug|x86.ActiveCfg = Debug|Any CPU
		{57085959-DDAA-41E2-96B4-F98AE8D2FAFC}.Debug|x86.Build.0 = Debug|Any CPU
		{57085959-DDAA-41E2-96B4-F98AE8D2FAFC}.Release|Any CPU.ActiveCfg = Release|Any CPU
		{57085959-DDAA-41E2-96B4-F98AE8D2FAFC}.Release|Any CPU.Build.0 = Release|Any CPU
		{57085959-DDAA-41E2-96B4-F98AE8D2FAFC}.Release|x64.ActiveCfg = Release|Any CPU
		{57085959-DDAA-41E2-96B4-F98AE8D2FAFC}.Release|x64.Build.0 = Release|Any CPU
		{57085959-DDAA-41E2-96B4-F98AE8D2FAFC}.Release|x86.ActiveCfg = Release|Any CPU
		{57085959-DDAA-41E2-96B4-F98AE8D2FAFC}.Release|x86.Build.0 = Release|Any CPU
		{3706F6DD-DB19-4E59-889A-8CC829EC886B}.Debug|Any CPU.ActiveCfg = Debug|Any CPU
		{3706F6DD-DB19-4E59-889A-8CC829EC886B}.Debug|Any CPU.Build.0 = Debug|Any CPU
		{3706F6DD-DB19-4E59-889A-8CC829EC886B}.Debug|x64.ActiveCfg = Debug|Any CPU
		{3706F6DD-DB19-4E59-889A-8CC829EC886B}.Debug|x64.Build.0 = Debug|Any CPU
		{3706F6DD-DB19-4E59-889A-8CC829EC886B}.Debug|x86.ActiveCfg = Debug|Any CPU
		{3706F6DD-DB19-4E59-889A-8CC829EC886B}.Debug|x86.Build.0 = Debug|Any CPU
		{3706F6DD-DB19-4E59-889A-8CC829EC886B}.Release|Any CPU.ActiveCfg = Release|Any CPU
		{3706F6DD-DB19-4E59-889A-8CC829EC886B}.Release|Any CPU.Build.0 = Release|Any CPU
		{3706F6DD-DB19-4E59-889A-8CC829EC886B}.Release|x64.ActiveCfg = Release|Any CPU
		{3706F6DD-DB19-4E59-889A-8CC829EC886B}.Release|x64.Build.0 = Release|Any CPU
		{3706F6DD-DB19-4E59-889A-8CC829EC886B}.Release|x86.ActiveCfg = Release|Any CPU
		{3706F6DD-DB19-4E59-889A-8CC829EC886B}.Release|x86.Build.0 = Release|Any CPU
		{C0BB36DA-6C5A-41CE-AA65-E66B79B444F2}.Debug|Any CPU.ActiveCfg = Debug|Any CPU
		{C0BB36DA-6C5A-41CE-AA65-E66B79B444F2}.Debug|Any CPU.Build.0 = Debug|Any CPU
		{C0BB36DA-6C5A-41CE-AA65-E66B79B444F2}.Debug|x64.ActiveCfg = Debug|Any CPU
		{C0BB36DA-6C5A-41CE-AA65-E66B79B444F2}.Debug|x64.Build.0 = Debug|Any CPU
		{C0BB36DA-6C5A-41CE-AA65-E66B79B444F2}.Debug|x86.ActiveCfg = Debug|Any CPU
		{C0BB36DA-6C5A-41CE-AA65-E66B79B444F2}.Debug|x86.Build.0 = Debug|Any CPU
		{C0BB36DA-6C5A-41CE-AA65-E66B79B444F2}.Release|Any CPU.ActiveCfg = Release|Any CPU
		{C0BB36DA-6C5A-41CE-AA65-E66B79B444F2}.Release|Any CPU.Build.0 = Release|Any CPU
		{C0BB36DA-6C5A-41CE-AA65-E66B79B444F2}.Release|x64.ActiveCfg = Release|Any CPU
		{C0BB36DA-6C5A-41CE-AA65-E66B79B444F2}.Release|x64.Build.0 = Release|Any CPU
		{C0BB36DA-6C5A-41CE-AA65-E66B79B444F2}.Release|x86.ActiveCfg = Release|Any CPU
		{C0BB36DA-6C5A-41CE-AA65-E66B79B444F2}.Release|x86.Build.0 = Release|Any CPU
		{BE69735C-8EAD-42BC-82C9-053474ED3D68}.Debug|Any CPU.ActiveCfg = Debug|Any CPU
		{BE69735C-8EAD-42BC-82C9-053474ED3D68}.Debug|Any CPU.Build.0 = Debug|Any CPU
		{BE69735C-8EAD-42BC-82C9-053474ED3D68}.Debug|x64.ActiveCfg = Debug|Any CPU
		{BE69735C-8EAD-42BC-82C9-053474ED3D68}.Debug|x64.Build.0 = Debug|Any CPU
		{BE69735C-8EAD-42BC-82C9-053474ED3D68}.Debug|x86.ActiveCfg = Debug|Any CPU
		{BE69735C-8EAD-42BC-82C9-053474ED3D68}.Debug|x86.Build.0 = Debug|Any CPU
		{BE69735C-8EAD-42BC-82C9-053474ED3D68}.Release|Any CPU.ActiveCfg = Release|Any CPU
		{BE69735C-8EAD-42BC-82C9-053474ED3D68}.Release|Any CPU.Build.0 = Release|Any CPU
		{BE69735C-8EAD-42BC-82C9-053474ED3D68}.Release|x64.ActiveCfg = Release|Any CPU
		{BE69735C-8EAD-42BC-82C9-053474ED3D68}.Release|x64.Build.0 = Release|Any CPU
		{BE69735C-8EAD-42BC-82C9-053474ED3D68}.Release|x86.ActiveCfg = Release|Any CPU
		{BE69735C-8EAD-42BC-82C9-053474ED3D68}.Release|x86.Build.0 = Release|Any CPU
		{0AC010D8-4731-4619-B0EB-7E067C52EF1F}.Debug|Any CPU.ActiveCfg = Debug|Win32
		{0AC010D8-4731-4619-B0EB-7E067C52EF1F}.Debug|x64.ActiveCfg = Debug|x64
		{0AC010D8-4731-4619-B0EB-7E067C52EF1F}.Debug|x64.Build.0 = Debug|x64
		{0AC010D8-4731-4619-B0EB-7E067C52EF1F}.Debug|x86.ActiveCfg = Debug|Win32
		{0AC010D8-4731-4619-B0EB-7E067C52EF1F}.Debug|x86.Build.0 = Debug|Win32
		{0AC010D8-4731-4619-B0EB-7E067C52EF1F}.Release|Any CPU.ActiveCfg = Release|Win32
		{0AC010D8-4731-4619-B0EB-7E067C52EF1F}.Release|x64.ActiveCfg = Release|x64
		{0AC010D8-4731-4619-B0EB-7E067C52EF1F}.Release|x64.Build.0 = Release|x64
		{0AC010D8-4731-4619-B0EB-7E067C52EF1F}.Release|x86.ActiveCfg = Release|Win32
		{0AC010D8-4731-4619-B0EB-7E067C52EF1F}.Release|x86.Build.0 = Release|Win32
	EndGlobalSection
	GlobalSection(SolutionProperties) = preSolution
		HideSolutionNode = FALSE
	EndGlobalSection
	GlobalSection(ExtensibilityGlobals) = postSolution
		SolutionGuid = {35939853-4E9C-4A02-9698-8499561F9456}
	EndGlobalSection
EndGlobal
