
Microsoft Visual Studio Solution File, Format Version 12.00
# Visual Studio 15
VisualStudioVersion = 15.0.26730.16
MinimumVisualStudioVersion = 10.0.40219.1
Project("{FAE04EC0-301F-11D3-BF4B-00C04F79EFBC}") = "Project1", "Project1\Project1.csproj", "{BE93EED3-657A-4193-B574-AA4EBF532F3A}"
EndProject
Global
	GlobalSection(SolutionConfigurationPlatforms) = preSolution
		Debug|Any CPU = Debug|Any CPU
		Release|Any CPU = Release|Any CPU
	EndGlobalSection
	GlobalSection(ProjectConfigurationPlatforms) = postSolution
		{BE93EED3-657A-4193-B574-AA4EBF532F3A}.Debug|Any CPU.ActiveCfg = Debug|Any CPU
		{BE93EED3-657A-4193-B574-AA4EBF532F3A}.Debug|Any CPU.Build.0 = Debug|Any CPU
		{BE93EED3-657A-4193-B574-AA4EBF532F3A}.Release|Any CPU.ActiveCfg = Release|Any CPU
		{BE93EED3-657A-4193-B574-AA4EBF532F3A}.Release|Any CPU.Build.0 = Release|Any CPU
	EndGlobalSection
	GlobalSection(SolutionProperties) = preSolution
		HideSolutionNode = FALSE
	EndGlobalSection
	GlobalSection(ExtensibilityGlobals) = postSolution
		SolutionGuid = {12612634-A905-44A5-961D-8130D6A7E25E}
	EndGlobalSection
EndGlobal
