
Microsoft Visual Studio Solution File, Format Version 12.00
# Visual Studio 15
VisualStudioVersion = 15.0.26730.16
MinimumVisualStudioVersion = 10.0.40219.1
Project("{FAE04EC0-301F-11D3-BF4B-00C04F79EFBC}") = "App2", "App2\App2.csproj", "{CCCB2937-C74A-4A24-A478-C97C3EB6772F}"
EndProject
Global
	GlobalSection(SolutionConfigurationPlatforms) = preSolution
		Debug|ARM = Debug|ARM
		Debug|x64 = Debug|x64
		Debug|x86 = Debug|x86
		Release|ARM = Release|ARM
		Release|x64 = Release|x64
		Release|x86 = Release|x86
	EndGlobalSection
	GlobalSection(ProjectConfigurationPlatforms) = postSolution
		{CCCB2937-C74A-4A24-A478-C97C3EB6772F}.Debug|ARM.ActiveCfg = Debug|ARM
		{CCCB2937-C74A-4A24-A478-C97C3EB6772F}.Debug|ARM.Build.0 = Debug|ARM
		{CCCB2937-C74A-4A24-A478-C97C3EB6772F}.Debug|ARM.Deploy.0 = Debug|ARM
		{CCCB2937-C74A-4A24-A478-C97C3EB6772F}.Debug|x64.ActiveCfg = Debug|x64
		{CCCB2937-C74A-4A24-A478-C97C3EB6772F}.Debug|x64.Build.0 = Debug|x64
		{CCCB2937-C74A-4A24-A478-C97C3EB6772F}.Debug|x64.Deploy.0 = Debug|x64
		{CCCB2937-C74A-4A24-A478-C97C3EB6772F}.Debug|x86.ActiveCfg = Debug|x86
		{CCCB2937-C74A-4A24-A478-C97C3EB6772F}.Debug|x86.Build.0 = Debug|x86
		{CCCB2937-C74A-4A24-A478-C97C3EB6772F}.Debug|x86.Deploy.0 = Debug|x86
		{CCCB2937-C74A-4A24-A478-C97C3EB6772F}.Release|ARM.ActiveCfg = Release|ARM
		{CCCB2937-C74A-4A24-A478-C97C3EB6772F}.Release|ARM.Build.0 = Release|ARM
		{CCCB2937-C74A-4A24-A478-C97C3EB6772F}.Release|ARM.Deploy.0 = Release|ARM
		{CCCB2937-C74A-4A24-A478-C97C3EB6772F}.Release|x64.ActiveCfg = Release|x64
		{CCCB2937-C74A-4A24-A478-C97C3EB6772F}.Release|x64.Build.0 = Release|x64
		{CCCB2937-C74A-4A24-A478-C97C3EB6772F}.Release|x64.Deploy.0 = Release|x64
		{CCCB2937-C74A-4A24-A478-C97C3EB6772F}.Release|x86.ActiveCfg = Release|x86
		{CCCB2937-C74A-4A24-A478-C97C3EB6772F}.Release|x86.Build.0 = Release|x86
		{CCCB2937-C74A-4A24-A478-C97C3EB6772F}.Release|x86.Deploy.0 = Release|x86
	EndGlobalSection
	GlobalSection(SolutionProperties) = preSolution
		HideSolutionNode = FALSE
	EndGlobalSection
	GlobalSection(ExtensibilityGlobals) = postSolution
		SolutionGuid = {D98FA910-56E0-4210-87CE-9D66872F8E3E}
	EndGlobalSection
EndGlobal
